<?xml version="1.0" encoding="utf-8"?>
<Project ToolsVersion="4.0" xmlns="http://schemas.microsoft.com/developer/msbuild/2003">
  <ItemGroup>
    <Filter Include="ソース ファイル">
      <UniqueIdentifier>{4FC737F1-C7A5-4376-A066-2A32D752A2FF}</UniqueIdentifier>
      <Extensions>cpp;c;cc;cxx;def;odl;idl;hpj;bat;asm;asmx</Extensions>
    </Filter>
    <Filter Include="ヘッダー ファイル">
      <UniqueIdentifier>{93995380-89BD-4b04-88EB-625FBE52EBFB}</UniqueIdentifier>
      <Extensions>h;hh;hpp;hxx;hm;inl;inc;xsd</Extensions>
    </Filter>
    <Filter Include="リソース ファイル">
      <UniqueIdentifier>{67DA6AB6-F800-4c08-8B7A-83BB121AAD01}</UniqueIdentifier>
      <Extensions>rc;ico;cur;bmp;dlg;rc2;rct;bin;rgs;gif;jpg;jpeg;jpe;resx;tiff;tif;png;wav;mfcribbon-ms</Extensions>
    </Filter>
    <Filter Include="リソース ファイル\icon">
      <UniqueIdentifier>{d56e6494-9d37-485b-8e28-a98cc35e655b}</UniqueIdentifier>
    </Filter>
    <Filter Include="ソース ファイル\core">
      <UniqueIdentifier>{53c92aca-bfb8-4ccb-81a9-2ba36d9948ce}</UniqueIdentifier>
    </Filter>
    <Filter Include="ヘッダー ファイル\core">
      <UniqueIdentifier>{fc8f9651-a226-4bf8-85bf-b9423d84bf52}</UniqueIdentifier>
    </Filter>
    <Filter Include="ヘッダー ファイル\object">
      <UniqueIdentifier>{92773286-a425-498e-9508-8de4acd4189f}</UniqueIdentifier>
    </Filter>
    <Filter Include="ソース ファイル\object">
      <UniqueIdentifier>{8ebdb8a4-da3c-4910-a82e-17e1f338115d}</UniqueIdentifier>
    </Filter>
    <Filter Include="ソース ファイル\sequence">
      <UniqueIdentifier>{66d972f2-bf23-449c-95d5-b42467760986}</UniqueIdentifier>
    </Filter>
    <Filter Include="ヘッダー ファイル\sequence">
      <UniqueIdentifier>{2d6136d2-d99d-4500-b762-c56292d1d57f}</UniqueIdentifier>
    </Filter>
    <Filter Include="ヘッダー ファイル\object\fbx">
      <UniqueIdentifier>{acffe5a7-91f4-4362-9a1f-182669cbf168}</UniqueIdentifier>
    </Filter>
    <Filter Include="ソース ファイル\object\fbx">
      <UniqueIdentifier>{c5f7ee50-3c1b-459b-a894-74f8fa1dff08}</UniqueIdentifier>
    </Filter>
  </ItemGroup>
  <ItemGroup>
    <ClCompile Include="src\core\d3d.cpp">
      <Filter>ソース ファイル\core</Filter>
    </ClCompile>
    <ClCompile Include="src\core\dxgi.cpp">
      <Filter>ソース ファイル\core</Filter>
    </ClCompile>
    <ClCompile Include="src\object\DDSTextureLoader.cpp">
      <Filter>ソース ファイル\object</Filter>
    </ClCompile>
    <ClCompile Include="src\object\Sprite.cpp">
      <Filter>ソース ファイル\object</Filter>
    </ClCompile>
    <ClCompile Include="src\object\TextureContainer.cpp">
      <Filter>ソース ファイル\object</Filter>
    </ClCompile>
    <ClCompile Include="src\Source.cpp">
      <Filter>ソース ファイル</Filter>
    </ClCompile>
    <ClCompile Include="src\object\Camera.cpp">
      <Filter>ソース ファイル\object</Filter>
    </ClCompile>
    <ClCompile Include="src\sequence\SequenceManager.cpp">
      <Filter>ソース ファイル\sequence</Filter>
    </ClCompile>
    <ClCompile Include="src\sequence\Title.cpp">
      <Filter>ソース ファイル\sequence</Filter>
    </ClCompile>
    <ClCompile Include="src\object\fbx\Material.cpp">
      <Filter>ソース ファイル\object\fbx</Filter>
    </ClCompile>
    <ClCompile Include="src\object\fbx\Mesh.cpp">
      <Filter>ソース ファイル\object\fbx</Filter>
    </ClCompile>
    <ClCompile Include="src\object\fbx\Model.cpp">
      <Filter>ソース ファイル\object\fbx</Filter>
    </ClCompile>
    <ClCompile Include="src\object\fbx\fbxLoader.cpp">
      <Filter>ソース ファイル\object\fbx</Filter>
    </ClCompile>
    <ClCompile Include="src\object\fbx\Vertex.cpp">
      <Filter>ソース ファイル\object\fbx</Filter>
    </ClCompile>
    <ClCompile Include="src\object\fbx\WorldMatrix.cpp">
      <Filter>ソース ファイル\object\fbx</Filter>
    </ClCompile>
    <ClCompile Include="src\core\ConstantBufferManager.cpp">
      <Filter>ソース ファイル\core</Filter>
    </ClCompile>
  </ItemGroup>
  <ItemGroup>
    <ClInclude Include="src\core\Config.h">
      <Filter>ヘッダー ファイル\core</Filter>
    </ClInclude>
    <ClInclude Include="src\core\d3d.h">
      <Filter>ヘッダー ファイル\core</Filter>
    </ClInclude>
    <ClInclude Include="src\core\dxgi.h">
      <Filter>ヘッダー ファイル\core</Filter>
    </ClInclude>
    <ClInclude Include="src\core\SafeEventHandle.h">
      <Filter>ヘッダー ファイル\core</Filter>
    </ClInclude>
    <ClInclude Include="src\core\Window.h">
      <Filter>ヘッダー ファイル\core</Filter>
    </ClInclude>
    <ClInclude Include="src\object\DDSTextureLoader.h">
      <Filter>ヘッダー ファイル\object</Filter>
    </ClInclude>
    <ClInclude Include="src\object\Sprite.h">
      <Filter>ヘッダー ファイル\object</Filter>
    </ClInclude>
    <ClInclude Include="src\object\TextureContainer.h">
      <Filter>ヘッダー ファイル\object</Filter>
    </ClInclude>
    <ClInclude Include="src\object\Camera.h">
      <Filter>ヘッダー ファイル\object</Filter>
    </ClInclude>
    <ClInclude Include="src\sequence\Sequence.h">
      <Filter>ヘッダー ファイル\sequence</Filter>
    </ClInclude>
    <ClInclude Include="src\sequence\Title.h">
      <Filter>ヘッダー ファイル\sequence</Filter>
    </ClInclude>
    <ClInclude Include="src\object\fbx\Material.h">
      <Filter>ヘッダー ファイル\object\fbx</Filter>
    </ClInclude>
    <ClInclude Include="src\object\fbx\Mesh.h">
      <Filter>ヘッダー ファイル\object\fbx</Filter>
    </ClInclude>
    <ClInclude Include="src\object\fbx\Model.h">
      <Filter>ヘッダー ファイル\object\fbx</Filter>
    </ClInclude>
    <ClInclude Include="src\object\fbx\fbxLoader.h">
      <Filter>ヘッダー ファイル\object\fbx</Filter>
    </ClInclude>
    <ClInclude Include="src\object\fbx\Vertex.h">
      <Filter>ヘッダー ファイル\object\fbx</Filter>
    </ClInclude>
    <ClInclude Include="src\object\fbx\WorldMatrix.h">
      <Filter>ヘッダー ファイル\object\fbx</Filter>
    </ClInclude>
    <ClInclude Include="src\core\ConstantBufferManager.h">
      <Filter>ヘッダー ファイル\core</Filter>
    </ClInclude>
  </ItemGroup>
  <ItemGroup>
    <ResourceCompile Include="resource\DirectX12_BaseSystem.rc">
      <Filter>リソース ファイル</Filter>
    </ResourceCompile>
  </ItemGroup>
  <ItemGroup>
    <Image Include="resource\icon\sample.ico">
      <Filter>リソース ファイル\icon</Filter>
    </Image>
  </ItemGroup>
</Project>